// !$*UTF8*$!
{
	archiveVersion = 1;
	classes = {
	};
	objectVersion = 56;
	objects = {

/* Begin PBXBuildFile section */
		8308F8BE2ADAB8FE00C246CA /* Cell1CollectionViewCell.xib in Resources */ = {isa = PBXBuildFile; fileRef = 8308F8BC2ADAB8FE00C246CA /* Cell1CollectionViewCell.xib */; };
		8308F8BF2ADAB8FE00C246CA /* Cell1CollectionViewCell.swift in Sources */ = {isa = PBXBuildFile; fileRef = 8308F8BD2ADAB8FE00C246CA /* Cell1CollectionViewCell.swift */; };
		8308F8C22ADAB92400C246CA /* AddTaskViewController.swift in Sources */ = {isa = PBXBuildFile; fileRef = 8308F8C02ADAB92400C246CA /* AddTaskViewController.swift */; };
		8308F8C32ADAB92400C246CA /* ListViewController.swift in Sources */ = {isa = PBXBuildFile; fileRef = 8308F8C12ADAB92400C246CA /* ListViewController.swift */; };
		8308F8C72ADAB94E00C246CA /* TDHelper.swift in Sources */ = {isa = PBXBuildFile; fileRef = 8308F8C52ADAB94E00C246CA /* TDHelper.swift */; };
		8308F8C82ADAB94E00C246CA /* Extension.swift in Sources */ = {isa = PBXBuildFile; fileRef = 8308F8C62ADAB94E00C246CA /* Extension.swift */; };
		8308F8CE2ADAB96400C246CA /* LoginViewModel.swift in Sources */ = {isa = PBXBuildFile; fileRef = 8308F8CA2ADAB96400C246CA /* LoginViewModel.swift */; };
		8308F8CF2ADAB96400C246CA /* SignUpViewModel.swift in Sources */ = {isa = PBXBuildFile; fileRef = 8308F8CB2ADAB96400C246CA /* SignUpViewModel.swift */; };
		8308F8D02ADAB96400C246CA /* AddTaskViewModel.swift in Sources */ = {isa = PBXBuildFile; fileRef = 8308F8CC2ADAB96400C246CA /* AddTaskViewModel.swift */; };
		8308F8D12ADAB96400C246CA /* ListViewModel.swift in Sources */ = {isa = PBXBuildFile; fileRef = 8308F8CD2ADAB96400C246CA /* ListViewModel.swift */; };
		8308F8D52ADAB98200C246CA /* UserDefaultsManager.swift in Sources */ = {isa = PBXBuildFile; fileRef = 8308F8D32ADAB98200C246CA /* UserDefaultsManager.swift */; };
		8308F8D62ADAB98200C246CA /* AlertControllerManager.swift in Sources */ = {isa = PBXBuildFile; fileRef = 8308F8D42ADAB98200C246CA /* AlertControllerManager.swift */; };
		8308F8D92ADAB9B200C246CA /* Main.storyboard in Resources */ = {isa = PBXBuildFile; fileRef = 8308F8D72ADAB9B200C246CA /* Main.storyboard */; };
		8308F8DA2ADAB9B200C246CA /* LaunchScreen.storyboard in Resources */ = {isa = PBXBuildFile; fileRef = 8308F8D82ADAB9B200C246CA /* LaunchScreen.storyboard */; };
		8308F8DC2ADAB9E100C246CA /* Assets.xcassets in Resources */ = {isa = PBXBuildFile; fileRef = 8308F8DB2ADAB9E100C246CA /* Assets.xcassets */; };
		8308F8E02ADAB9F400C246CA /* TaskModel.swift in Sources */ = {isa = PBXBuildFile; fileRef = 8308F8DE2ADAB9F400C246CA /* TaskModel.swift */; };
		8308F8E12ADAB9F400C246CA /* ToDoModel.swift in Sources */ = {isa = PBXBuildFile; fileRef = 8308F8DF2ADAB9F400C246CA /* ToDoModel.swift */; };
		83581E532ABED2B90048C4F7 /* AppDelegate.swift in Sources */ = {isa = PBXBuildFile; fileRef = 83581E522ABED2B90048C4F7 /* AppDelegate.swift */; };
		83581E552ABED2B90048C4F7 /* SceneDelegate.swift in Sources */ = {isa = PBXBuildFile; fileRef = 83581E542ABED2B90048C4F7 /* SceneDelegate.swift */; };
		83581E8C2ABEF98F0048C4F7 /* SignUpViewController.swift in Sources */ = {isa = PBXBuildFile; fileRef = 83581E7D2ABEF98F0048C4F7 /* SignUpViewController.swift */; };
		83581E8E2ABEF98F0048C4F7 /* LoginViewController.swift in Sources */ = {isa = PBXBuildFile; fileRef = 83581E7F2ABEF98F0048C4F7 /* LoginViewController.swift */; };
		83581E942ABEF98F0048C4F7 /* SectionTableView.swift in Sources */ = {isa = PBXBuildFile; fileRef = 83581E882ABEF98F0048C4F7 /* SectionTableView.swift */; };
		83581E952ABEF98F0048C4F7 /* HeaderCollectionReusableView.xib in Resources */ = {isa = PBXBuildFile; fileRef = 83581E892ABEF98F0048C4F7 /* HeaderCollectionReusableView.xib */; };
		83581E962ABEF98F0048C4F7 /* HeaderCollectionReusableView.swift in Sources */ = {isa = PBXBuildFile; fileRef = 83581E8A2ABEF98F0048C4F7 /* HeaderCollectionReusableView.swift */; };
/* End PBXBuildFile section */

/* Begin PBXFileReference section */
		8308F8BC2ADAB8FE00C246CA /* Cell1CollectionViewCell.xib */ = {isa = PBXFileReference; fileEncoding = 4; lastKnownFileType = file.xib; path = Cell1CollectionViewCell.xib; sourceTree = "<group>"; };
		8308F8BD2ADAB8FE00C246CA /* Cell1CollectionViewCell.swift */ = {isa = PBXFileReference; fileEncoding = 4; lastKnownFileType = sourcecode.swift; path = Cell1CollectionViewCell.swift; sourceTree = "<group>"; };
		8308F8C02ADAB92400C246CA /* AddTaskViewController.swift */ = {isa = PBXFileReference; fileEncoding = 4; lastKnownFileType = sourcecode.swift; path = AddTaskViewController.swift; sourceTree = "<group>"; };
		8308F8C12ADAB92400C246CA /* ListViewController.swift */ = {isa = PBXFileReference; fileEncoding = 4; lastKnownFileType = sourcecode.swift; path = ListViewController.swift; sourceTree = "<group>"; };
		8308F8C52ADAB94E00C246CA /* TDHelper.swift */ = {isa = PBXFileReference; fileEncoding = 4; lastKnownFileType = sourcecode.swift; path = TDHelper.swift; sourceTree = "<group>"; };
		8308F8C62ADAB94E00C246CA /* Extension.swift */ = {isa = PBXFileReference; fileEncoding = 4; lastKnownFileType = sourcecode.swift; path = Extension.swift; sourceTree = "<group>"; };
		8308F8CA2ADAB96400C246CA /* LoginViewModel.swift */ = {isa = PBXFileReference; fileEncoding = 4; lastKnownFileType = sourcecode.swift; path = LoginViewModel.swift; sourceTree = "<group>"; };
		8308F8CB2ADAB96400C246CA /* SignUpViewModel.swift */ = {isa = PBXFileReference; fileEncoding = 4; lastKnownFileType = sourcecode.swift; path = SignUpViewModel.swift; sourceTree = "<group>"; };
		8308F8CC2ADAB96400C246CA /* AddTaskViewModel.swift */ = {isa = PBXFileReference; fileEncoding = 4; lastKnownFileType = sourcecode.swift; path = AddTaskViewModel.swift; sourceTree = "<group>"; };
		8308F8CD2ADAB96400C246CA /* ListViewModel.swift */ = {isa = PBXFileReference; fileEncoding = 4; lastKnownFileType = sourcecode.swift; path = ListViewModel.swift; sourceTree = "<group>"; };
		8308F8D32ADAB98200C246CA /* UserDefaultsManager.swift */ = {isa = PBXFileReference; fileEncoding = 4; lastKnownFileType = sourcecode.swift; path = UserDefaultsManager.swift; sourceTree = "<group>"; };
		8308F8D42ADAB98200C246CA /* AlertControllerManager.swift */ = {isa = PBXFileReference; fileEncoding = 4; lastKnownFileType = sourcecode.swift; path = AlertControllerManager.swift; sourceTree = "<group>"; };
		8308F8D72ADAB9B200C246CA /* Main.storyboard */ = {isa = PBXFileReference; fileEncoding = 4; lastKnownFileType = file.storyboard; path = Main.storyboard; sourceTree = "<group>"; };
		8308F8D82ADAB9B200C246CA /* LaunchScreen.storyboard */ = {isa = PBXFileReference; fileEncoding = 4; lastKnownFileType = file.storyboard; path = LaunchScreen.storyboard; sourceTree = "<group>"; };
		8308F8DB2ADAB9E100C246CA /* Assets.xcassets */ = {isa = PBXFileReference; lastKnownFileType = folder.assetcatalog; path = Assets.xcassets; sourceTree = "<group>"; };
		8308F8DE2ADAB9F400C246CA /* TaskModel.swift */ = {isa = PBXFileReference; fileEncoding = 4; lastKnownFileType = sourcecode.swift; path = TaskModel.swift; sourceTree = "<group>"; };
		8308F8DF2ADAB9F400C246CA /* ToDoModel.swift */ = {isa = PBXFileReference; fileEncoding = 4; lastKnownFileType = sourcecode.swift; path = ToDoModel.swift; sourceTree = "<group>"; };
		83581E4F2ABED2B90048C4F7 /* KeepNotes.app */ = {isa = PBXFileReference; explicitFileType = wrapper.application; includeInIndex = 0; path = KeepNotes.app; sourceTree = BUILT_PRODUCTS_DIR; };
		83581E522ABED2B90048C4F7 /* AppDelegate.swift */ = {isa = PBXFileReference; lastKnownFileType = sourcecode.swift; path = AppDelegate.swift; sourceTree = "<group>"; };
		83581E542ABED2B90048C4F7 /* SceneDelegate.swift */ = {isa = PBXFileReference; lastKnownFileType = sourcecode.swift; path = SceneDelegate.swift; sourceTree = "<group>"; };
		83581E602ABED2BD0048C4F7 /* Info.plist */ = {isa = PBXFileReference; lastKnownFileType = text.plist.xml; path = Info.plist; sourceTree = "<group>"; };
		83581E7D2ABEF98F0048C4F7 /* SignUpViewController.swift */ = {isa = PBXFileReference; fileEncoding = 4; lastKnownFileType = sourcecode.swift; path = SignUpViewController.swift; sourceTree = "<group>"; };
		83581E7F2ABEF98F0048C4F7 /* LoginViewController.swift */ = {isa = PBXFileReference; fileEncoding = 4; lastKnownFileType = sourcecode.swift; path = LoginViewController.swift; sourceTree = "<group>"; };
		83581E882ABEF98F0048C4F7 /* SectionTableView.swift */ = {isa = PBXFileReference; fileEncoding = 4; lastKnownFileType = sourcecode.swift; path = SectionTableView.swift; sourceTree = "<group>"; };
		83581E892ABEF98F0048C4F7 /* HeaderCollectionReusableView.xib */ = {isa = PBXFileReference; fileEncoding = 4; lastKnownFileType = file.xib; path = HeaderCollectionReusableView.xib; sourceTree = "<group>"; };
		83581E8A2ABEF98F0048C4F7 /* HeaderCollectionReusableView.swift */ = {isa = PBXFileReference; fileEncoding = 4; lastKnownFileType = sourcecode.swift; path = HeaderCollectionReusableView.swift; sourceTree = "<group>"; };
/* End PBXFileReference section */

/* Begin PBXFrameworksBuildPhase section */
		83581E4C2ABED2B90048C4F7 /* Frameworks */ = {
			isa = PBXFrameworksBuildPhase;
			buildActionMask = 2147483647;
			files = (
			);
			runOnlyForDeploymentPostprocessing = 0;
		};
/* End PBXFrameworksBuildPhase section */

/* Begin PBXGroup section */
		8308F8BB2ADAB8FE00C246CA /* Cells */ = {
			isa = PBXGroup;
			children = (
				8308F8BC2ADAB8FE00C246CA /* Cell1CollectionViewCell.xib */,
				8308F8BD2ADAB8FE00C246CA /* Cell1CollectionViewCell.swift */,
			);
			path = Cells;
			sourceTree = "<group>";
		};
		8308F8C42ADAB94E00C246CA /* HelpingFile */ = {
			isa = PBXGroup;
			children = (
				8308F8C52ADAB94E00C246CA /* TDHelper.swift */,
				8308F8C62ADAB94E00C246CA /* Extension.swift */,
			);
			name = HelpingFile;
			path = ../../../week4assessment/Week4Assessment/Week4Assessment/HelpingFile;
			sourceTree = "<group>";
		};
		8308F8C92ADAB96400C246CA /* ViewModel */ = {
			isa = PBXGroup;
			children = (
				8308F8CA2ADAB96400C246CA /* LoginViewModel.swift */,
				8308F8CB2ADAB96400C246CA /* SignUpViewModel.swift */,
				8308F8CC2ADAB96400C246CA /* AddTaskViewModel.swift */,
				8308F8CD2ADAB96400C246CA /* ListViewModel.swift */,
			);
			path = ViewModel;
			sourceTree = "<group>";
		};
		8308F8D22ADAB98200C246CA /* Manager */ = {
			isa = PBXGroup;
			children = (
				8308F8D32ADAB98200C246CA /* UserDefaultsManager.swift */,
				8308F8D42ADAB98200C246CA /* AlertControllerManager.swift */,
			);
			path = Manager;
			sourceTree = "<group>";
		};
		8308F8DD2ADAB9F400C246CA /* Model */ = {
			isa = PBXGroup;
			children = (
				8308F8DE2ADAB9F400C246CA /* TaskModel.swift */,
				8308F8DF2ADAB9F400C246CA /* ToDoModel.swift */,
			);
			path = Model;
			sourceTree = "<group>";
		};
		83581E462ABED2B90048C4F7 = {
			isa = PBXGroup;
			children = (
				83581E512ABED2B90048C4F7 /* KeepNotes */,
				83581E502ABED2B90048C4F7 /* Products */,
			);
			sourceTree = "<group>";
		};
		83581E502ABED2B90048C4F7 /* Products */ = {
			isa = PBXGroup;
			children = (
				83581E4F2ABED2B90048C4F7 /* KeepNotes.app */,
			);
			name = Products;
			sourceTree = "<group>";
		};
		83581E512ABED2B90048C4F7 /* KeepNotes */ = {
			isa = PBXGroup;
			children = (
				8308F8DD2ADAB9F400C246CA /* Model */,
				8308F8C92ADAB96400C246CA /* ViewModel */,
				83581E7B2ABEF98F0048C4F7 /* View */,
				8308F8C42ADAB94E00C246CA /* HelpingFile */,
				8308F8D22ADAB98200C246CA /* Manager */,
				83581E522ABED2B90048C4F7 /* AppDelegate.swift */,
				83581E542ABED2B90048C4F7 /* SceneDelegate.swift */,
				8308F8D82ADAB9B200C246CA /* LaunchScreen.storyboard */,
				8308F8D72ADAB9B200C246CA /* Main.storyboard */,
				8308F8DB2ADAB9E100C246CA /* Assets.xcassets */,
				83581E602ABED2BD0048C4F7 /* Info.plist */,
			);
			path = KeepNotes;
			sourceTree = "<group>";
		};
		83581E7B2ABEF98F0048C4F7 /* View */ = {
			isa = PBXGroup;
			children = (
				83581E7C2ABEF98F0048C4F7 /* Auth */,
				83581E802ABEF98F0048C4F7 /* Notes */,
			);
			path = View;
			sourceTree = "<group>";
		};
		83581E7C2ABEF98F0048C4F7 /* Auth */ = {
			isa = PBXGroup;
			children = (
				83581E7F2ABEF98F0048C4F7 /* LoginViewController.swift */,
				83581E7D2ABEF98F0048C4F7 /* SignUpViewController.swift */,
			);
			path = Auth;
			sourceTree = "<group>";
		};
		83581E802ABEF98F0048C4F7 /* Notes */ = {
			isa = PBXGroup;
			children = (
				83581E872ABEF98F0048C4F7 /* Section */,
				8308F8BB2ADAB8FE00C246CA /* Cells */,
				8308F8C02ADAB92400C246CA /* AddTaskViewController.swift */,
				8308F8C12ADAB92400C246CA /* ListViewController.swift */,
			);
			path = Notes;
			sourceTree = "<group>";
		};
		83581E872ABEF98F0048C4F7 /* Section */ = {
			isa = PBXGroup;
			children = (
				83581E882ABEF98F0048C4F7 /* SectionTableView.swift */,
				83581E892ABEF98F0048C4F7 /* HeaderCollectionReusableView.xib */,
				83581E8A2ABEF98F0048C4F7 /* HeaderCollectionReusableView.swift */,
			);
			path = Section;
			sourceTree = "<group>";
		};
/* End PBXGroup section */

/* Begin PBXNativeTarget section */
		83581E4E2ABED2B90048C4F7 /* KeepNotes */ = {
			isa = PBXNativeTarget;
			buildConfigurationList = 83581E632ABED2BD0048C4F7 /* Build configuration list for PBXNativeTarget "KeepNotes" */;
			buildPhases = (
				83581E4B2ABED2B90048C4F7 /* Sources */,
				83581E4C2ABED2B90048C4F7 /* Frameworks */,
				83581E4D2ABED2B90048C4F7 /* Resources */,
			);
			buildRules = (
			);
			dependencies = (
			);
			name = KeepNotes;
			productName = KeepNotes;
			productReference = 83581E4F2ABED2B90048C4F7 /* KeepNotes.app */;
			productType = "com.apple.product-type.application";
		};
/* End PBXNativeTarget section */

/* Begin PBXProject section */
		83581E472ABED2B90048C4F7 /* Project object */ = {
			isa = PBXProject;
			attributes = {
				BuildIndependentTargetsInParallel = 1;
				LastSwiftUpdateCheck = 1420;
				LastUpgradeCheck = 1420;
				TargetAttributes = {
					83581E4E2ABED2B90048C4F7 = {
						CreatedOnToolsVersion = 14.2;
					};
				};
			};
			buildConfigurationList = 83581E4A2ABED2B90048C4F7 /* Build configuration list for PBXProject "KeepNotes" */;
			compatibilityVersion = "Xcode 14.0";
			developmentRegion = en;
			hasScannedForEncodings = 0;
			knownRegions = (
				en,
				Base,
			);
			mainGroup = 83581E462ABED2B90048C4F7;
			productRefGroup = 83581E502ABED2B90048C4F7 /* Products */;
			projectDirPath = "";
			projectRoot = "";
			targets = (
				83581E4E2ABED2B90048C4F7 /* KeepNotes */,
			);
		};
/* End PBXProject section */

/* Begin PBXResourcesBuildPhase section */
		83581E4D2ABED2B90048C4F7 /* Resources */ = {
			isa = PBXResourcesBuildPhase;
			buildActionMask = 2147483647;
			files = (
				8308F8BE2ADAB8FE00C246CA /* Cell1CollectionViewCell.xib in Resources */,
				83581E952ABEF98F0048C4F7 /* HeaderCollectionReusableView.xib in Resources */,
				8308F8DA2ADAB9B200C246CA /* LaunchScreen.storyboard in Resources */,
				8308F8D92ADAB9B200C246CA /* Main.storyboard in Resources */,
				8308F8DC2ADAB9E100C246CA /* Assets.xcassets in Resources */,
			);
			runOnlyForDeploymentPostprocessing = 0;
		};
/* End PBXResourcesBuildPhase section */

/* Begin PBXSourcesBuildPhase section */
		83581E4B2ABED2B90048C4F7 /* Sources */ = {
			isa = PBXSourcesBuildPhase;
			buildActionMask = 2147483647;
			files = (
				83581E8E2ABEF98F0048C4F7 /* LoginViewController.swift in Sources */,
				8308F8C72ADAB94E00C246CA /* TDHelper.swift in Sources */,
				8308F8BF2ADAB8FE00C246CA /* Cell1CollectionViewCell.swift in Sources */,
				83581E962ABEF98F0048C4F7 /* HeaderCollectionReusableView.swift in Sources */,
				8308F8E02ADAB9F400C246CA /* TaskModel.swift in Sources */,
				83581E532ABED2B90048C4F7 /* AppDelegate.swift in Sources */,
				8308F8CE2ADAB96400C246CA /* LoginViewModel.swift in Sources */,
				8308F8CF2ADAB96400C246CA /* SignUpViewModel.swift in Sources */,
				8308F8C32ADAB92400C246CA /* ListViewController.swift in Sources */,
				8308F8D02ADAB96400C246CA /* AddTaskViewModel.swift in Sources */,
				8308F8C82ADAB94E00C246CA /* Extension.swift in Sources */,
				8308F8D62ADAB98200C246CA /* AlertControllerManager.swift in Sources */,
				83581E8C2ABEF98F0048C4F7 /* SignUpViewController.swift in Sources */,
				83581E552ABED2B90048C4F7 /* SceneDelegate.swift in Sources */,
				83581E942ABEF98F0048C4F7 /* SectionTableView.swift in Sources */,
				8308F8D52ADAB98200C246CA /* UserDefaultsManager.swift in Sources */,
				8308F8E12ADAB9F400C246CA /* ToDoModel.swift in Sources */,
				8308F8C22ADAB92400C246CA /* AddTaskViewController.swift in Sources */,
				8308F8D12ADAB96400C246CA /* ListViewModel.swift in Sources */,
			);
			runOnlyForDeploymentPostprocessing = 0;
		};
/* End PBXSourcesBuildPhase section */

/* Begin XCBuildConfiguration section */
		83581E612ABED2BD0048C4F7 /* Debug */ = {
			isa = XCBuildConfiguration;
			buildSettings = {
				ALWAYS_SEARCH_USER_PATHS = NO;
				CLANG_ANALYZER_NONNULL = YES;
				CLANG_ANALYZER_NUMBER_OBJECT_CONVERSION = YES_AGGRESSIVE;
				CLANG_CXX_LANGUAGE_STANDARD = "gnu++20";
				CLANG_ENABLE_MODULES = YES;
				CLANG_ENABLE_OBJC_ARC = YES;
				CLANG_ENABLE_OBJC_WEAK = YES;
				CLANG_WARN_BLOCK_CAPTURE_AUTORELEASING = YES;
				CLANG_WARN_BOOL_CONVERSION = YES;
				CLANG_WARN_COMMA = YES;
				CLANG_WARN_CONSTANT_CONVERSION = YES;
				CLANG_WARN_DEPRECATED_OBJC_IMPLEMENTATIONS = YES;
				CLANG_WARN_DIRECT_OBJC_ISA_USAGE = YES_ERROR;
				CLANG_WARN_DOCUMENTATION_COMMENTS = YES;
				CLANG_WARN_EMPTY_BODY = YES;
				CLANG_WARN_ENUM_CONVERSION = YES;
				CLANG_WARN_INFINITE_RECURSION = YES;
				CLANG_WARN_INT_CONVERSION = YES;
				CLANG_WARN_NON_LITERAL_NULL_CONVERSION = YES;
				CLANG_WARN_OBJC_IMPLICIT_RETAIN_SELF = YES;
				CLANG_WARN_OBJC_LITERAL_CONVERSION = YES;
				CLANG_WARN_OBJC_ROOT_CLASS = YES_ERROR;
				CLANG_WARN_QUOTED_INCLUDE_IN_FRAMEWORK_HEADER = YES;
				CLANG_WARN_RANGE_LOOP_ANALYSIS = YES;
				CLANG_WARN_STRICT_PROTOTYPES = YES;
				CLANG_WARN_SUSPICIOUS_MOVE = YES;
				CLANG_WARN_UNGUARDED_AVAILABILITY = YES_AGGRESSIVE;
				CLANG_WARN_UNREACHABLE_CODE = YES;
				CLANG_WARN__DUPLICATE_METHOD_MATCH = YES;
				COPY_PHASE_STRIP = NO;
				DEBUG_INFORMATION_FORMAT = dwarf;
				ENABLE_STRICT_OBJC_MSGSEND = YES;
				ENABLE_TESTABILITY = YES;
				GCC_C_LANGUAGE_STANDARD = gnu11;
				GCC_DYNAMIC_NO_PIC = NO;
				GCC_NO_COMMON_BLOCKS = YES;
				GCC_OPTIMIZATION_LEVEL = 0;
				GCC_PREPROCESSOR_DEFINITIONS = (
					"DEBUG=1",
					"$(inherited)",
				);
				GCC_WARN_64_TO_32_BIT_CONVERSION = YES;
				GCC_WARN_ABOUT_RETURN_TYPE = YES_ERROR;
				GCC_WARN_UNDECLARED_SELECTOR = YES;
				GCC_WARN_UNINITIALIZED_AUTOS = YES_AGGRESSIVE;
				GCC_WARN_UNUSED_FUNCTION = YES;
				GCC_WARN_UNUSED_VARIABLE = YES;
				IPHONEOS_DEPLOYMENT_TARGET = 16.2;
				MTL_ENABLE_DEBUG_INFO = INCLUDE_SOURCE;
				MTL_FAST_MATH = YES;
				ONLY_ACTIVE_ARCH = YES;
				SDKROOT = iphoneos;
				SWIFT_ACTIVE_COMPILATION_CONDITIONS = DEBUG;
				SWIFT_OPTIMIZATION_LEVEL = "-Onone";
			};
			name = Debug;
		};
		83581E622ABED2BD0048C4F7 /* Release */ = {
			isa = XCBuildConfiguration;
			buildSettings = {
				ALWAYS_SEARCH_USER_PATHS = NO;
				CLANG_ANALYZER_NONNULL = YES;
				CLANG_ANALYZER_NUMBER_OBJECT_CONVERSION = YES_AGGRESSIVE;
				CLANG_CXX_LANGUAGE_STANDARD = "gnu++20";
				CLANG_ENABLE_MODULES = YES;
				CLANG_ENABLE_OBJC_ARC = YES;
				CLANG_ENABLE_OBJC_WEAK = YES;
				CLANG_WARN_BLOCK_CAPTURE_AUTORELEASING = YES;
				CLANG_WARN_BOOL_CONVERSION = YES;
				CLANG_WARN_COMMA = YES;
				CLANG_WARN_CONSTANT_CONVERSION = YES;
				CLANG_WARN_DEPRECATED_OBJC_IMPLEMENTATIONS = YES;
				CLANG_WARN_DIRECT_OBJC_ISA_USAGE = YES_ERROR;
				CLANG_WARN_DOCUMENTATION_COMMENTS = YES;
				CLANG_WARN_EMPTY_BODY = YES;
				CLANG_WARN_ENUM_CONVERSION = YES;
				CLANG_WARN_INFINITE_RECURSION = YES;
				CLANG_WARN_INT_CONVERSION = YES;
				CLANG_WARN_NON_LITERAL_NULL_CONVERSION = YES;
				CLANG_WARN_OBJC_IMPLICIT_RETAIN_SELF = YES;
				CLANG_WARN_OBJC_LITERAL_CONVERSION = YES;
				CLANG_WARN_OBJC_ROOT_CLASS = YES_ERROR;
				CLANG_WARN_QUOTED_INCLUDE_IN_FRAMEWORK_HEADER = YES;
				CLANG_WARN_RANGE_LOOP_ANALYSIS = YES;
				CLANG_WARN_STRICT_PROTOTYPES = YES;
				CLANG_WARN_SUSPICIOUS_MOVE = YES;
				CLANG_WARN_UNGUARDED_AVAILABILITY = YES_AGGRESSIVE;
				CLANG_WARN_UNREACHABLE_CODE = YES;
				CLANG_WARN__DUPLICATE_METHOD_MATCH = YES;
				COPY_PHASE_STRIP = NO;
				DEBUG_INFORMATION_FORMAT = "dwarf-with-dsym";
				ENABLE_NS_ASSERTIONS = NO;
				ENABLE_STRICT_OBJC_MSGSEND = YES;
				GCC_C_LANGUAGE_STANDARD = gnu11;
				GCC_NO_COMMON_BLOCKS = YES;
				GCC_WARN_64_TO_32_BIT_CONVERSION = YES;
				GCC_WARN_ABOUT_RETURN_TYPE = YES_ERROR;
				GCC_WARN_UNDECLARED_SELECTOR = YES;
				GCC_WARN_UNINITIALIZED_AUTOS = YES_AGGRESSIVE;
				GCC_WARN_UNUSED_FUNCTION = YES;
				GCC_WARN_UNUSED_VARIABLE = YES;
				IPHONEOS_DEPLOYMENT_TARGET = 16.2;
				MTL_ENABLE_DEBUG_INFO = NO;
				MTL_FAST_MATH = YES;
				SDKROOT = iphoneos;
				SWIFT_COMPILATION_MODE = wholemodule;
				SWIFT_OPTIMIZATION_LEVEL = "-O";
				VALIDATE_PRODUCT = YES;
			};
			name = Release;
		};
		83581E642ABED2BD0048C4F7 /* Debug */ = {
			isa = XCBuildConfiguration;
			buildSettings = {
				ASSETCATALOG_COMPILER_APPICON_NAME = AppIcon;
				ASSETCATALOG_COMPILER_GLOBAL_ACCENT_COLOR_NAME = AccentColor;
				CODE_SIGN_STYLE = Automatic;
				CURRENT_PROJECT_VERSION = 1;
				GENERATE_INFOPLIST_FILE = YES;
				INFOPLIST_FILE = KeepNotes/Info.plist;
				INFOPLIST_KEY_UIApplicationSupportsIndirectInputEvents = YES;
				INFOPLIST_KEY_UILaunchStoryboardName = LaunchScreen;
				INFOPLIST_KEY_UIMainStoryboardFile = Main;
				INFOPLIST_KEY_UISupportedInterfaceOrientations_iPad = "UIInterfaceOrientationPortrait UIInterfaceOrientationPortraitUpsideDown UIInterfaceOrientationLandscapeLeft UIInterfaceOrientationLandscapeRight";
				INFOPLIST_KEY_UISupportedInterfaceOrientations_iPhone = "UIInterfaceOrientationPortrait UIInterfaceOrientationLandscapeLeft UIInterfaceOrientationLandscapeRight";
				LD_RUNPATH_SEARCH_PATHS = (
					"$(inherited)",
					"@executable_path/Frameworks",
				);
				MARKETING_VERSION = 1.0;
				PRODUCT_BUNDLE_IDENTIFIER = com.mallow.KeepNotes;
				PRODUCT_NAME = "$(TARGET_NAME)";
				SWIFT_EMIT_LOC_STRINGS = YES;
				SWIFT_VERSION = 5.0;
				TARGETED_DEVICE_FAMILY = "1,2";
			};
			name = Debug;
		};
		83581E652ABED2BD0048C4F7 /* Release */ = {
			isa = XCBuildConfiguration;
			buildSettings = {
				ASSETCATALOG_COMPILER_APPICON_NAME = AppIcon;
				ASSETCATALOG_COMPILER_GLOBAL_ACCENT_COLOR_NAME = AccentColor;
				CODE_SIGN_STYLE = Automatic;
				CURRENT_PROJECT_VERSION = 1;
				GENERATE_INFOPLIST_FILE = YES;
				INFOPLIST_FILE = KeepNotes/Info.plist;
				INFOPLIST_KEY_UIApplicationSupportsIndirectInputEvents = YES;
				INFOPLIST_KEY_UILaunchStoryboardName = LaunchScreen;
				INFOPLIST_KEY_UIMainStoryboardFile = Main;
				INFOPLIST_KEY_UISupportedInterfaceOrientations_iPad = "UIInterfaceOrientationPortrait UIInterfaceOrientationPortraitUpsideDown UIInterfaceOrientationLandscapeLeft UIInterfaceOrientationLandscapeRight";
				INFOPLIST_KEY_UISupportedInterfaceOrientations_iPhone = "UIInterfaceOrientationPortrait UIInterfaceOrientationLandscapeLeft UIInterfaceOrientationLandscapeRight";
				LD_RUNPATH_SEARCH_PATHS = (
					"$(inherited)",
					"@executable_path/Frameworks",
				);
				MARKETING_VERSION = 1.0;
				PRODUCT_BUNDLE_IDENTIFIER = com.mallow.KeepNotes;
				PRODUCT_NAME = "$(TARGET_NAME)";
				SWIFT_EMIT_LOC_STRINGS = YES;
				SWIFT_VERSION = 5.0;
				TARGETED_DEVICE_FAMILY = "1,2";
			};
			name = Release;
		};
/* End XCBuildConfiguration section */

/* Begin XCConfigurationList section */
		83581E4A2ABED2B90048C4F7 /* Build configuration list for PBXProject "KeepNotes" */ = {
			isa = XCConfigurationList;
			buildConfigurations = (
				83581E612ABED2BD0048C4F7 /* Debug */,
				83581E622ABED2BD0048C4F7 /* Release */,
			);
			defaultConfigurationIsVisible = 0;
			defaultConfigurationName = Release;
		};
		83581E632ABED2BD0048C4F7 /* Build configuration list for PBXNativeTarget "KeepNotes" */ = {
			isa = XCConfigurationList;
			buildConfigurations = (
				83581E642ABED2BD0048C4F7 /* Debug */,
				83581E652ABED2BD0048C4F7 /* Release */,
			);
			defaultConfigurationIsVisible = 0;
			defaultConfigurationName = Release;
		};
/* End XCConfigurationList section */
	};
	rootObject = 83581E472ABED2B90048C4F7 /* Project object */;
}
