// !$*UTF8*$!
{
	archiveVersion = 1;
	classes = {
	};
	objectVersion = 56;
	objects = {

/* Begin PBXBuildFile section */
		83581E532ABED2B90048C4F7 /* AppDelegate.swift in Sources */ = {isa = PBXBuildFile; fileRef = 83581E522ABED2B90048C4F7 /* AppDelegate.swift */; };
		83581E552ABED2B90048C4F7 /* SceneDelegate.swift in Sources */ = {isa = PBXBuildFile; fileRef = 83581E542ABED2B90048C4F7 /* SceneDelegate.swift */; };
		83581E5A2ABED2B90048C4F7 /* Main.storyboard in Resources */ = {isa = PBXBuildFile; fileRef = 83581E582ABED2B90048C4F7 /* Main.storyboard */; };
		83581E5C2ABED2BD0048C4F7 /* Assets.xcassets in Resources */ = {isa = PBXBuildFile; fileRef = 83581E5B2ABED2BD0048C4F7 /* Assets.xcassets */; };
		83581E5F2ABED2BD0048C4F7 /* LaunchScreen.storyboard in Resources */ = {isa = PBXBuildFile; fileRef = 83581E5D2ABED2BD0048C4F7 /* LaunchScreen.storyboard */; };
		83581E8C2ABEF98F0048C4F7 /* SignUpViewController.swift in Sources */ = {isa = PBXBuildFile; fileRef = 83581E7D2ABEF98F0048C4F7 /* SignUpViewController.swift */; };
		83581E8E2ABEF98F0048C4F7 /* LoginViewController.swift in Sources */ = {isa = PBXBuildFile; fileRef = 83581E7F2ABEF98F0048C4F7 /* LoginViewController.swift */; };
		83581E8F2ABEF98F0048C4F7 /* Cell2TableViewCell.xib in Resources */ = {isa = PBXBuildFile; fileRef = 83581E822ABEF98F0048C4F7 /* Cell2TableViewCell.xib */; };
		83581E902ABEF98F0048C4F7 /* Cell1TableViewCell.xib in Resources */ = {isa = PBXBuildFile; fileRef = 83581E832ABEF98F0048C4F7 /* Cell1TableViewCell.xib */; };
		83581E912ABEF98F0048C4F7 /* Cell1TableViewCell.swift in Sources */ = {isa = PBXBuildFile; fileRef = 83581E842ABEF98F0048C4F7 /* Cell1TableViewCell.swift */; };
		83581E922ABEF98F0048C4F7 /* Cell2TableViewCell.swift in Sources */ = {isa = PBXBuildFile; fileRef = 83581E852ABEF98F0048C4F7 /* Cell2TableViewCell.swift */; };
		83581E932ABEF98F0048C4F7 /* ListViewController.swift in Sources */ = {isa = PBXBuildFile; fileRef = 83581E862ABEF98F0048C4F7 /* ListViewController.swift */; };
		83581E942ABEF98F0048C4F7 /* SectionTableView.swift in Sources */ = {isa = PBXBuildFile; fileRef = 83581E882ABEF98F0048C4F7 /* SectionTableView.swift */; };
		83581E952ABEF98F0048C4F7 /* SectionTableViewHeader.xib in Resources */ = {isa = PBXBuildFile; fileRef = 83581E892ABEF98F0048C4F7 /* SectionTableViewHeader.xib */; };
		83581E962ABEF98F0048C4F7 /* SectionTableViewHeader.swift in Sources */ = {isa = PBXBuildFile; fileRef = 83581E8A2ABEF98F0048C4F7 /* SectionTableViewHeader.swift */; };
		83581E972ABEF98F0048C4F7 /* AddTaskViewController.swift in Sources */ = {isa = PBXBuildFile; fileRef = 83581E8B2ABEF98F0048C4F7 /* AddTaskViewController.swift */; };
		83581EA12ABEF9BA0048C4F7 /* LoginViewModel.swift in Sources */ = {isa = PBXBuildFile; fileRef = 83581E992ABEF9BA0048C4F7 /* LoginViewModel.swift */; };
		83581EA22ABEF9BA0048C4F7 /* SignUpViewModel.swift in Sources */ = {isa = PBXBuildFile; fileRef = 83581E9A2ABEF9BA0048C4F7 /* SignUpViewModel.swift */; };
		83581EA32ABEF9BA0048C4F7 /* DataViewModel.swift in Sources */ = {isa = PBXBuildFile; fileRef = 83581E9B2ABEF9BA0048C4F7 /* DataViewModel.swift */; };
		83581EA42ABEF9BA0048C4F7 /* Validation.swift in Sources */ = {isa = PBXBuildFile; fileRef = 83581E9C2ABEF9BA0048C4F7 /* Validation.swift */; };
		83581EAA2ABEF9C30048C4F7 /* DatatypeModel.swift in Sources */ = {isa = PBXBuildFile; fileRef = 83581EA92ABEF9C30048C4F7 /* DatatypeModel.swift */; };
		83581EAD2ABEF9CD0048C4F7 /* Extension.swift in Sources */ = {isa = PBXBuildFile; fileRef = 83581EAC2ABEF9CD0048C4F7 /* Extension.swift */; };
		83581EB02ABEF9D70048C4F7 /* Main2.storyboard in Resources */ = {isa = PBXBuildFile; fileRef = 83581EAE2ABEF9D70048C4F7 /* Main2.storyboard */; };
/* End PBXBuildFile section */

/* Begin PBXFileReference section */
		83581E4F2ABED2B90048C4F7 /* KeepNotes.app */ = {isa = PBXFileReference; explicitFileType = wrapper.application; includeInIndex = 0; path = KeepNotes.app; sourceTree = BUILT_PRODUCTS_DIR; };
		83581E522ABED2B90048C4F7 /* AppDelegate.swift */ = {isa = PBXFileReference; lastKnownFileType = sourcecode.swift; path = AppDelegate.swift; sourceTree = "<group>"; };
		83581E542ABED2B90048C4F7 /* SceneDelegate.swift */ = {isa = PBXFileReference; lastKnownFileType = sourcecode.swift; path = SceneDelegate.swift; sourceTree = "<group>"; };
		83581E592ABED2B90048C4F7 /* Base */ = {isa = PBXFileReference; lastKnownFileType = file.storyboard; name = Base; path = Base.lproj/Main.storyboard; sourceTree = "<group>"; };
		83581E5B2ABED2BD0048C4F7 /* Assets.xcassets */ = {isa = PBXFileReference; lastKnownFileType = folder.assetcatalog; path = Assets.xcassets; sourceTree = "<group>"; };
		83581E5E2ABED2BD0048C4F7 /* Base */ = {isa = PBXFileReference; lastKnownFileType = file.storyboard; name = Base; path = Base.lproj/LaunchScreen.storyboard; sourceTree = "<group>"; };
		83581E602ABED2BD0048C4F7 /* Info.plist */ = {isa = PBXFileReference; lastKnownFileType = text.plist.xml; path = Info.plist; sourceTree = "<group>"; };
		83581E7D2ABEF98F0048C4F7 /* SignUpViewController.swift */ = {isa = PBXFileReference; fileEncoding = 4; lastKnownFileType = sourcecode.swift; path = SignUpViewController.swift; sourceTree = "<group>"; };
		83581E7F2ABEF98F0048C4F7 /* LoginViewController.swift */ = {isa = PBXFileReference; fileEncoding = 4; lastKnownFileType = sourcecode.swift; path = LoginViewController.swift; sourceTree = "<group>"; };
		83581E822ABEF98F0048C4F7 /* Cell2TableViewCell.xib */ = {isa = PBXFileReference; fileEncoding = 4; lastKnownFileType = file.xib; path = Cell2TableViewCell.xib; sourceTree = "<group>"; };
		83581E832ABEF98F0048C4F7 /* Cell1TableViewCell.xib */ = {isa = PBXFileReference; fileEncoding = 4; lastKnownFileType = file.xib; path = Cell1TableViewCell.xib; sourceTree = "<group>"; };
		83581E842ABEF98F0048C4F7 /* Cell1TableViewCell.swift */ = {isa = PBXFileReference; fileEncoding = 4; lastKnownFileType = sourcecode.swift; path = Cell1TableViewCell.swift; sourceTree = "<group>"; };
		83581E852ABEF98F0048C4F7 /* Cell2TableViewCell.swift */ = {isa = PBXFileReference; fileEncoding = 4; lastKnownFileType = sourcecode.swift; path = Cell2TableViewCell.swift; sourceTree = "<group>"; };
		83581E862ABEF98F0048C4F7 /* ListViewController.swift */ = {isa = PBXFileReference; fileEncoding = 4; lastKnownFileType = sourcecode.swift; path = ListViewController.swift; sourceTree = "<group>"; };
		83581E882ABEF98F0048C4F7 /* SectionTableView.swift */ = {isa = PBXFileReference; fileEncoding = 4; lastKnownFileType = sourcecode.swift; path = SectionTableView.swift; sourceTree = "<group>"; };
		83581E892ABEF98F0048C4F7 /* SectionTableViewHeader.xib */ = {isa = PBXFileReference; fileEncoding = 4; lastKnownFileType = file.xib; path = SectionTableViewHeader.xib; sourceTree = "<group>"; };
		83581E8A2ABEF98F0048C4F7 /* SectionTableViewHeader.swift */ = {isa = PBXFileReference; fileEncoding = 4; lastKnownFileType = sourcecode.swift; path = SectionTableViewHeader.swift; sourceTree = "<group>"; };
		83581E8B2ABEF98F0048C4F7 /* AddTaskViewController.swift */ = {isa = PBXFileReference; fileEncoding = 4; lastKnownFileType = sourcecode.swift; path = AddTaskViewController.swift; sourceTree = "<group>"; };
		83581E992ABEF9BA0048C4F7 /* LoginViewModel.swift */ = {isa = PBXFileReference; fileEncoding = 4; lastKnownFileType = sourcecode.swift; path = LoginViewModel.swift; sourceTree = "<group>"; };
		83581E9A2ABEF9BA0048C4F7 /* SignUpViewModel.swift */ = {isa = PBXFileReference; fileEncoding = 4; lastKnownFileType = sourcecode.swift; path = SignUpViewModel.swift; sourceTree = "<group>"; };
		83581E9B2ABEF9BA0048C4F7 /* DataViewModel.swift */ = {isa = PBXFileReference; fileEncoding = 4; lastKnownFileType = sourcecode.swift; path = DataViewModel.swift; sourceTree = "<group>"; };
		83581E9C2ABEF9BA0048C4F7 /* Validation.swift */ = {isa = PBXFileReference; fileEncoding = 4; lastKnownFileType = sourcecode.swift; path = Validation.swift; sourceTree = "<group>"; };
		83581EA92ABEF9C30048C4F7 /* DatatypeModel.swift */ = {isa = PBXFileReference; fileEncoding = 4; lastKnownFileType = sourcecode.swift; path = DatatypeModel.swift; sourceTree = "<group>"; };
		83581EAC2ABEF9CD0048C4F7 /* Extension.swift */ = {isa = PBXFileReference; fileEncoding = 4; lastKnownFileType = sourcecode.swift; path = Extension.swift; sourceTree = "<group>"; };
		83581EAF2ABEF9D70048C4F7 /* Base */ = {isa = PBXFileReference; lastKnownFileType = file.storyboard; name = Base; path = Base.lproj/Main2.storyboard; sourceTree = "<group>"; };
/* End PBXFileReference section */

/* Begin PBXFrameworksBuildPhase section */
		83581E4C2ABED2B90048C4F7 /* Frameworks */ = {
			isa = PBXFrameworksBuildPhase;
			buildActionMask = 2147483647;
			files = (
			);
			runOnlyForDeploymentPostprocessing = 0;
		};
/* End PBXFrameworksBuildPhase section */

/* Begin PBXGroup section */
		83581E462ABED2B90048C4F7 = {
			isa = PBXGroup;
			children = (
				83581E512ABED2B90048C4F7 /* KeepNotes */,
				83581E502ABED2B90048C4F7 /* Products */,
			);
			sourceTree = "<group>";
		};
		83581E502ABED2B90048C4F7 /* Products */ = {
			isa = PBXGroup;
			children = (
				83581E4F2ABED2B90048C4F7 /* KeepNotes.app */,
			);
			name = Products;
			sourceTree = "<group>";
		};
		83581E512ABED2B90048C4F7 /* KeepNotes */ = {
			isa = PBXGroup;
			children = (
				83581EA82ABEF9C20048C4F7 /* Model */,
				83581E7B2ABEF98F0048C4F7 /* View */,
				83581E982ABEF9BA0048C4F7 /* ViewModel */,
				83581E522ABED2B90048C4F7 /* AppDelegate.swift */,
				83581E542ABED2B90048C4F7 /* SceneDelegate.swift */,
				83581E582ABED2B90048C4F7 /* Main.storyboard */,
				83581EAE2ABEF9D70048C4F7 /* Main2.storyboard */,
				83581EAB2ABEF9CD0048C4F7 /* HelpingFile */,
				83581E5B2ABED2BD0048C4F7 /* Assets.xcassets */,
				83581E5D2ABED2BD0048C4F7 /* LaunchScreen.storyboard */,
				83581E602ABED2BD0048C4F7 /* Info.plist */,
			);
			path = KeepNotes;
			sourceTree = "<group>";
		};
		83581E7B2ABEF98F0048C4F7 /* View */ = {
			isa = PBXGroup;
			children = (
				83581E7C2ABEF98F0048C4F7 /* Auth */,
				83581E802ABEF98F0048C4F7 /* Notes */,
			);
			path = View;
			sourceTree = "<group>";
		};
		83581E7C2ABEF98F0048C4F7 /* Auth */ = {
			isa = PBXGroup;
			children = (
				83581E7F2ABEF98F0048C4F7 /* LoginViewController.swift */,
				83581E7D2ABEF98F0048C4F7 /* SignUpViewController.swift */,
			);
			path = Auth;
			sourceTree = "<group>";
		};
		83581E802ABEF98F0048C4F7 /* Notes */ = {
			isa = PBXGroup;
			children = (
				83581E872ABEF98F0048C4F7 /* Section */,
				83581E812ABEF98F0048C4F7 /* Cells */,
				83581E862ABEF98F0048C4F7 /* ListViewController.swift */,
				83581E8B2ABEF98F0048C4F7 /* AddTaskViewController.swift */,
			);
			path = Notes;
			sourceTree = "<group>";
		};
		83581E812ABEF98F0048C4F7 /* Cells */ = {
			isa = PBXGroup;
			children = (
				83581E822ABEF98F0048C4F7 /* Cell2TableViewCell.xib */,
				83581E832ABEF98F0048C4F7 /* Cell1TableViewCell.xib */,
				83581E842ABEF98F0048C4F7 /* Cell1TableViewCell.swift */,
				83581E852ABEF98F0048C4F7 /* Cell2TableViewCell.swift */,
			);
			path = Cells;
			sourceTree = "<group>";
		};
		83581E872ABEF98F0048C4F7 /* Section */ = {
			isa = PBXGroup;
			children = (
				83581E882ABEF98F0048C4F7 /* SectionTableView.swift */,
				83581E892ABEF98F0048C4F7 /* SectionTableViewHeader.xib */,
				83581E8A2ABEF98F0048C4F7 /* SectionTableViewHeader.swift */,
			);
			path = Section;
			sourceTree = "<group>";
		};
		83581E982ABEF9BA0048C4F7 /* ViewModel */ = {
			isa = PBXGroup;
			children = (
				83581E9B2ABEF9BA0048C4F7 /* DataViewModel.swift */,
				83581E992ABEF9BA0048C4F7 /* LoginViewModel.swift */,
				83581E9A2ABEF9BA0048C4F7 /* SignUpViewModel.swift */,
				83581E9C2ABEF9BA0048C4F7 /* Validation.swift */,
			);
			path = ViewModel;
			sourceTree = "<group>";
		};
		83581EA82ABEF9C20048C4F7 /* Model */ = {
			isa = PBXGroup;
			children = (
				83581EA92ABEF9C30048C4F7 /* DatatypeModel.swift */,
			);
			path = Model;
			sourceTree = "<group>";
		};
		83581EAB2ABEF9CD0048C4F7 /* HelpingFile */ = {
			isa = PBXGroup;
			children = (
				83581EAC2ABEF9CD0048C4F7 /* Extension.swift */,
			);
			path = HelpingFile;
			sourceTree = "<group>";
		};
/* End PBXGroup section */

/* Begin PBXNativeTarget section */
		83581E4E2ABED2B90048C4F7 /* KeepNotes */ = {
			isa = PBXNativeTarget;
			buildConfigurationList = 83581E632ABED2BD0048C4F7 /* Build configuration list for PBXNativeTarget "KeepNotes" */;
			buildPhases = (
				83581E4B2ABED2B90048C4F7 /* Sources */,
				83581E4C2ABED2B90048C4F7 /* Frameworks */,
				83581E4D2ABED2B90048C4F7 /* Resources */,
			);
			buildRules = (
			);
			dependencies = (
			);
			name = KeepNotes;
			productName = KeepNotes;
			productReference = 83581E4F2ABED2B90048C4F7 /* KeepNotes.app */;
			productType = "com.apple.product-type.application";
		};
/* End PBXNativeTarget section */

/* Begin PBXProject section */
		83581E472ABED2B90048C4F7 /* Project object */ = {
			isa = PBXProject;
			attributes = {
				BuildIndependentTargetsInParallel = 1;
				LastSwiftUpdateCheck = 1420;
				LastUpgradeCheck = 1420;
				TargetAttributes = {
					83581E4E2ABED2B90048C4F7 = {
						CreatedOnToolsVersion = 14.2;
					};
				};
			};
			buildConfigurationList = 83581E4A2ABED2B90048C4F7 /* Build configuration list for PBXProject "KeepNotes" */;
			compatibilityVersion = "Xcode 14.0";
			developmentRegion = en;
			hasScannedForEncodings = 0;
			knownRegions = (
				en,
				Base,
			);
			mainGroup = 83581E462ABED2B90048C4F7;
			productRefGroup = 83581E502ABED2B90048C4F7 /* Products */;
			projectDirPath = "";
			projectRoot = "";
			targets = (
				83581E4E2ABED2B90048C4F7 /* KeepNotes */,
			);
		};
/* End PBXProject section */

/* Begin PBXResourcesBuildPhase section */
		83581E4D2ABED2B90048C4F7 /* Resources */ = {
			isa = PBXResourcesBuildPhase;
			buildActionMask = 2147483647;
			files = (
				83581EB02ABEF9D70048C4F7 /* Main2.storyboard in Resources */,
				83581E8F2ABEF98F0048C4F7 /* Cell2TableViewCell.xib in Resources */,
				83581E5F2ABED2BD0048C4F7 /* LaunchScreen.storyboard in Resources */,
				83581E5C2ABED2BD0048C4F7 /* Assets.xcassets in Resources */,
				83581E902ABEF98F0048C4F7 /* Cell1TableViewCell.xib in Resources */,
				83581E952ABEF98F0048C4F7 /* SectionTableViewHeader.xib in Resources */,
				83581E5A2ABED2B90048C4F7 /* Main.storyboard in Resources */,
			);
			runOnlyForDeploymentPostprocessing = 0;
		};
/* End PBXResourcesBuildPhase section */

/* Begin PBXSourcesBuildPhase section */
		83581E4B2ABED2B90048C4F7 /* Sources */ = {
			isa = PBXSourcesBuildPhase;
			buildActionMask = 2147483647;
			files = (
				83581E922ABEF98F0048C4F7 /* Cell2TableViewCell.swift in Sources */,
				83581E972ABEF98F0048C4F7 /* AddTaskViewController.swift in Sources */,
				83581E912ABEF98F0048C4F7 /* Cell1TableViewCell.swift in Sources */,
				83581E8E2ABEF98F0048C4F7 /* LoginViewController.swift in Sources */,
				83581EA42ABEF9BA0048C4F7 /* Validation.swift in Sources */,
				83581EAD2ABEF9CD0048C4F7 /* Extension.swift in Sources */,
				83581EA22ABEF9BA0048C4F7 /* SignUpViewModel.swift in Sources */,
				83581E962ABEF98F0048C4F7 /* SectionTableViewHeader.swift in Sources */,
				83581E932ABEF98F0048C4F7 /* ListViewController.swift in Sources */,
				83581EA12ABEF9BA0048C4F7 /* LoginViewModel.swift in Sources */,
				83581E532ABED2B90048C4F7 /* AppDelegate.swift in Sources */,
				83581E8C2ABEF98F0048C4F7 /* SignUpViewController.swift in Sources */,
				83581E552ABED2B90048C4F7 /* SceneDelegate.swift in Sources */,
				83581E942ABEF98F0048C4F7 /* SectionTableView.swift in Sources */,
				83581EA32ABEF9BA0048C4F7 /* DataViewModel.swift in Sources */,
				83581EAA2ABEF9C30048C4F7 /* DatatypeModel.swift in Sources */,
			);
			runOnlyForDeploymentPostprocessing = 0;
		};
/* End PBXSourcesBuildPhase section */

/* Begin PBXVariantGroup section */
		83581E582ABED2B90048C4F7 /* Main.storyboard */ = {
			isa = PBXVariantGroup;
			children = (
				83581E592ABED2B90048C4F7 /* Base */,
			);
			name = Main.storyboard;
			sourceTree = "<group>";
		};
		83581E5D2ABED2BD0048C4F7 /* LaunchScreen.storyboard */ = {
			isa = PBXVariantGroup;
			children = (
				83581E5E2ABED2BD0048C4F7 /* Base */,
			);
			name = LaunchScreen.storyboard;
			sourceTree = "<group>";
		};
		83581EAE2ABEF9D70048C4F7 /* Main2.storyboard */ = {
			isa = PBXVariantGroup;
			children = (
				83581EAF2ABEF9D70048C4F7 /* Base */,
			);
			name = Main2.storyboard;
			sourceTree = "<group>";
		};
/* End PBXVariantGroup section */

/* Begin XCBuildConfiguration section */
		83581E612ABED2BD0048C4F7 /* Debug */ = {
			isa = XCBuildConfiguration;
			buildSettings = {
				ALWAYS_SEARCH_USER_PATHS = NO;
				CLANG_ANALYZER_NONNULL = YES;
				CLANG_ANALYZER_NUMBER_OBJECT_CONVERSION = YES_AGGRESSIVE;
				CLANG_CXX_LANGUAGE_STANDARD = "gnu++20";
				CLANG_ENABLE_MODULES = YES;
				CLANG_ENABLE_OBJC_ARC = YES;
				CLANG_ENABLE_OBJC_WEAK = YES;
				CLANG_WARN_BLOCK_CAPTURE_AUTORELEASING = YES;
				CLANG_WARN_BOOL_CONVERSION = YES;
				CLANG_WARN_COMMA = YES;
				CLANG_WARN_CONSTANT_CONVERSION = YES;
				CLANG_WARN_DEPRECATED_OBJC_IMPLEMENTATIONS = YES;
				CLANG_WARN_DIRECT_OBJC_ISA_USAGE = YES_ERROR;
				CLANG_WARN_DOCUMENTATION_COMMENTS = YES;
				CLANG_WARN_EMPTY_BODY = YES;
				CLANG_WARN_ENUM_CONVERSION = YES;
				CLANG_WARN_INFINITE_RECURSION = YES;
				CLANG_WARN_INT_CONVERSION = YES;
				CLANG_WARN_NON_LITERAL_NULL_CONVERSION = YES;
				CLANG_WARN_OBJC_IMPLICIT_RETAIN_SELF = YES;
				CLANG_WARN_OBJC_LITERAL_CONVERSION = YES;
				CLANG_WARN_OBJC_ROOT_CLASS = YES_ERROR;
				CLANG_WARN_QUOTED_INCLUDE_IN_FRAMEWORK_HEADER = YES;
				CLANG_WARN_RANGE_LOOP_ANALYSIS = YES;
				CLANG_WARN_STRICT_PROTOTYPES = YES;
				CLANG_WARN_SUSPICIOUS_MOVE = YES;
				CLANG_WARN_UNGUARDED_AVAILABILITY = YES_AGGRESSIVE;
				CLANG_WARN_UNREACHABLE_CODE = YES;
				CLANG_WARN__DUPLICATE_METHOD_MATCH = YES;
				COPY_PHASE_STRIP = NO;
				DEBUG_INFORMATION_FORMAT = dwarf;
				ENABLE_STRICT_OBJC_MSGSEND = YES;
				ENABLE_TESTABILITY = YES;
				GCC_C_LANGUAGE_STANDARD = gnu11;
				GCC_DYNAMIC_NO_PIC = NO;
				GCC_NO_COMMON_BLOCKS = YES;
				GCC_OPTIMIZATION_LEVEL = 0;
				GCC_PREPROCESSOR_DEFINITIONS = (
					"DEBUG=1",
					"$(inherited)",
				);
				GCC_WARN_64_TO_32_BIT_CONVERSION = YES;
				GCC_WARN_ABOUT_RETURN_TYPE = YES_ERROR;
				GCC_WARN_UNDECLARED_SELECTOR = YES;
				GCC_WARN_UNINITIALIZED_AUTOS = YES_AGGRESSIVE;
				GCC_WARN_UNUSED_FUNCTION = YES;
				GCC_WARN_UNUSED_VARIABLE = YES;
				IPHONEOS_DEPLOYMENT_TARGET = 16.2;
				MTL_ENABLE_DEBUG_INFO = INCLUDE_SOURCE;
				MTL_FAST_MATH = YES;
				ONLY_ACTIVE_ARCH = YES;
				SDKROOT = iphoneos;
				SWIFT_ACTIVE_COMPILATION_CONDITIONS = DEBUG;
				SWIFT_OPTIMIZATION_LEVEL = "-Onone";
			};
			name = Debug;
		};
		83581E622ABED2BD0048C4F7 /* Release */ = {
			isa = XCBuildConfiguration;
			buildSettings = {
				ALWAYS_SEARCH_USER_PATHS = NO;
				CLANG_ANALYZER_NONNULL = YES;
				CLANG_ANALYZER_NUMBER_OBJECT_CONVERSION = YES_AGGRESSIVE;
				CLANG_CXX_LANGUAGE_STANDARD = "gnu++20";
				CLANG_ENABLE_MODULES = YES;
				CLANG_ENABLE_OBJC_ARC = YES;
				CLANG_ENABLE_OBJC_WEAK = YES;
				CLANG_WARN_BLOCK_CAPTURE_AUTORELEASING = YES;
				CLANG_WARN_BOOL_CONVERSION = YES;
				CLANG_WARN_COMMA = YES;
				CLANG_WARN_CONSTANT_CONVERSION = YES;
				CLANG_WARN_DEPRECATED_OBJC_IMPLEMENTATIONS = YES;
				CLANG_WARN_DIRECT_OBJC_ISA_USAGE = YES_ERROR;
				CLANG_WARN_DOCUMENTATION_COMMENTS = YES;
				CLANG_WARN_EMPTY_BODY = YES;
				CLANG_WARN_ENUM_CONVERSION = YES;
				CLANG_WARN_INFINITE_RECURSION = YES;
				CLANG_WARN_INT_CONVERSION = YES;
				CLANG_WARN_NON_LITERAL_NULL_CONVERSION = YES;
				CLANG_WARN_OBJC_IMPLICIT_RETAIN_SELF = YES;
				CLANG_WARN_OBJC_LITERAL_CONVERSION = YES;
				CLANG_WARN_OBJC_ROOT_CLASS = YES_ERROR;
				CLANG_WARN_QUOTED_INCLUDE_IN_FRAMEWORK_HEADER = YES;
				CLANG_WARN_RANGE_LOOP_ANALYSIS = YES;
				CLANG_WARN_STRICT_PROTOTYPES = YES;
				CLANG_WARN_SUSPICIOUS_MOVE = YES;
				CLANG_WARN_UNGUARDED_AVAILABILITY = YES_AGGRESSIVE;
				CLANG_WARN_UNREACHABLE_CODE = YES;
				CLANG_WARN__DUPLICATE_METHOD_MATCH = YES;
				COPY_PHASE_STRIP = NO;
				DEBUG_INFORMATION_FORMAT = "dwarf-with-dsym";
				ENABLE_NS_ASSERTIONS = NO;
				ENABLE_STRICT_OBJC_MSGSEND = YES;
				GCC_C_LANGUAGE_STANDARD = gnu11;
				GCC_NO_COMMON_BLOCKS = YES;
				GCC_WARN_64_TO_32_BIT_CONVERSION = YES;
				GCC_WARN_ABOUT_RETURN_TYPE = YES_ERROR;
				GCC_WARN_UNDECLARED_SELECTOR = YES;
				GCC_WARN_UNINITIALIZED_AUTOS = YES_AGGRESSIVE;
				GCC_WARN_UNUSED_FUNCTION = YES;
				GCC_WARN_UNUSED_VARIABLE = YES;
				IPHONEOS_DEPLOYMENT_TARGET = 16.2;
				MTL_ENABLE_DEBUG_INFO = NO;
				MTL_FAST_MATH = YES;
				SDKROOT = iphoneos;
				SWIFT_COMPILATION_MODE = wholemodule;
				SWIFT_OPTIMIZATION_LEVEL = "-O";
				VALIDATE_PRODUCT = YES;
			};
			name = Release;
		};
		83581E642ABED2BD0048C4F7 /* Debug */ = {
			isa = XCBuildConfiguration;
			buildSettings = {
				ASSETCATALOG_COMPILER_APPICON_NAME = AppIcon;
				ASSETCATALOG_COMPILER_GLOBAL_ACCENT_COLOR_NAME = AccentColor;
				CODE_SIGN_STYLE = Automatic;
				CURRENT_PROJECT_VERSION = 1;
				GENERATE_INFOPLIST_FILE = YES;
				INFOPLIST_FILE = KeepNotes/Info.plist;
				INFOPLIST_KEY_UIApplicationSupportsIndirectInputEvents = YES;
				INFOPLIST_KEY_UILaunchStoryboardName = LaunchScreen;
				INFOPLIST_KEY_UIMainStoryboardFile = Main;
				INFOPLIST_KEY_UISupportedInterfaceOrientations_iPad = "UIInterfaceOrientationPortrait UIInterfaceOrientationPortraitUpsideDown UIInterfaceOrientationLandscapeLeft UIInterfaceOrientationLandscapeRight";
				INFOPLIST_KEY_UISupportedInterfaceOrientations_iPhone = "UIInterfaceOrientationPortrait UIInterfaceOrientationLandscapeLeft UIInterfaceOrientationLandscapeRight";
				LD_RUNPATH_SEARCH_PATHS = (
					"$(inherited)",
					"@executable_path/Frameworks",
				);
				MARKETING_VERSION = 1.0;
				PRODUCT_BUNDLE_IDENTIFIER = com.mallow.KeepNotes;
				PRODUCT_NAME = "$(TARGET_NAME)";
				SWIFT_EMIT_LOC_STRINGS = YES;
				SWIFT_VERSION = 5.0;
				TARGETED_DEVICE_FAMILY = "1,2";
			};
			name = Debug;
		};
		83581E652ABED2BD0048C4F7 /* Release */ = {
			isa = XCBuildConfiguration;
			buildSettings = {
				ASSETCATALOG_COMPILER_APPICON_NAME = AppIcon;
				ASSETCATALOG_COMPILER_GLOBAL_ACCENT_COLOR_NAME = AccentColor;
				CODE_SIGN_STYLE = Automatic;
				CURRENT_PROJECT_VERSION = 1;
				GENERATE_INFOPLIST_FILE = YES;
				INFOPLIST_FILE = KeepNotes/Info.plist;
				INFOPLIST_KEY_UIApplicationSupportsIndirectInputEvents = YES;
				INFOPLIST_KEY_UILaunchStoryboardName = LaunchScreen;
				INFOPLIST_KEY_UIMainStoryboardFile = Main;
				INFOPLIST_KEY_UISupportedInterfaceOrientations_iPad = "UIInterfaceOrientationPortrait UIInterfaceOrientationPortraitUpsideDown UIInterfaceOrientationLandscapeLeft UIInterfaceOrientationLandscapeRight";
				INFOPLIST_KEY_UISupportedInterfaceOrientations_iPhone = "UIInterfaceOrientationPortrait UIInterfaceOrientationLandscapeLeft UIInterfaceOrientationLandscapeRight";
				LD_RUNPATH_SEARCH_PATHS = (
					"$(inherited)",
					"@executable_path/Frameworks",
				);
				MARKETING_VERSION = 1.0;
				PRODUCT_BUNDLE_IDENTIFIER = com.mallow.KeepNotes;
				PRODUCT_NAME = "$(TARGET_NAME)";
				SWIFT_EMIT_LOC_STRINGS = YES;
				SWIFT_VERSION = 5.0;
				TARGETED_DEVICE_FAMILY = "1,2";
			};
			name = Release;
		};
/* End XCBuildConfiguration section */

/* Begin XCConfigurationList section */
		83581E4A2ABED2B90048C4F7 /* Build configuration list for PBXProject "KeepNotes" */ = {
			isa = XCConfigurationList;
			buildConfigurations = (
				83581E612ABED2BD0048C4F7 /* Debug */,
				83581E622ABED2BD0048C4F7 /* Release */,
			);
			defaultConfigurationIsVisible = 0;
			defaultConfigurationName = Release;
		};
		83581E632ABED2BD0048C4F7 /* Build configuration list for PBXNativeTarget "KeepNotes" */ = {
			isa = XCConfigurationList;
			buildConfigurations = (
				83581E642ABED2BD0048C4F7 /* Debug */,
				83581E652ABED2BD0048C4F7 /* Release */,
			);
			defaultConfigurationIsVisible = 0;
			defaultConfigurationName = Release;
		};
/* End XCConfigurationList section */
	};
	rootObject = 83581E472ABED2B90048C4F7 /* Project object */;
}
